
Microsoft Visual Studio Solution File, Format Version 12.00
# Visual Studio Version 16
VisualStudioVersion = 16.0.32413.511
MinimumVisualStudioVersion = 10.0.40219.1
Project("{FAE04EC0-301F-11D3-BF4B-00C04F79EFBC}") = "Huseyin_Gurkan_CAKIR_FINAL_Projesi2", "Huseyin_Gurkan_CAKIR_FINAL_Projesi2\Huseyin_Gurkan_CAKIR_FINAL_Projesi2.csproj", "{22F3C138-E480-46C5-95F7-1B33C7816D79}"
EndProject
Global
	GlobalSection(SolutionConfigurationPlatforms) = preSolution
		Debug|Any CPU = Debug|Any CPU
		Release|Any CPU = Release|Any CPU
	EndGlobalSection
	GlobalSection(ProjectConfigurationPlatforms) = postSolution
		{22F3C138-E480-46C5-95F7-1B33C7816D79}.Debug|Any CPU.ActiveCfg = Debug|Any CPU
		{22F3C138-E480-46C5-95F7-1B33C7816D79}.Debug|Any CPU.Build.0 = Debug|Any CPU
		{22F3C138-E480-46C5-95F7-1B33C7816D79}.Release|Any CPU.ActiveCfg = Release|Any CPU
		{22F3C138-E480-46C5-95F7-1B33C7816D79}.Release|Any CPU.Build.0 = Release|Any CPU
	EndGlobalSection
	GlobalSection(SolutionProperties) = preSolution
		HideSolutionNode = FALSE
	EndGlobalSection
	GlobalSection(ExtensibilityGlobals) = postSolution
		SolutionGuid = {9EC066A9-FE3E-4668-ABAC-C828DE16F7AD}
	EndGlobalSection
EndGlobal
